// !$*UTF8*$!
{
	archiveVersion = 1;
	classes = {
	};
	objectVersion = 56;
	objects = {

/* Begin PBXBuildFile section */
		A1000001000000000000001A /* OrderFlowApp.swift in Sources */ = {isa = PBXBuildFile; fileRef = A2000001000000000000001A /* OrderFlowApp.swift */; };
		A1000002000000000000001A /* ContentView.swift in Sources */ = {isa = PBXBuildFile; fileRef = A2000002000000000000001A /* ContentView.swift */; };
		A1000003000000000000001A /* MenuItem.swift in Sources */ = {isa = PBXBuildFile; fileRef = A2000003000000000000001A /* MenuItem.swift */; };
		A1000004000000000000001A /* CartItem.swift in Sources */ = {isa = PBXBuildFile; fileRef = A2000004000000000000001A /* CartItem.swift */; };
		A1000005000000000000001A /* Order.swift in Sources */ = {isa = PBXBuildFile; fileRef = A2000005000000000000001A /* Order.swift */; };
		A1000006000000000000001A /* AuthViewModel.swift in Sources */ = {isa = PBXBuildFile; fileRef = A2000006000000000000001A /* AuthViewModel.swift */; };
		A1000007000000000000001A /* MenuViewModel.swift in Sources */ = {isa = PBXBuildFile; fileRef = A2000007000000000000001A /* MenuViewModel.swift */; };
		A1000008000000000000001A /* CartViewModel.swift in Sources */ = {isa = PBXBuildFile; fileRef = A2000008000000000000001A /* CartViewModel.swift */; };
		A1000009000000000000001A /* SettingsViewModel.swift in Sources */ = {isa = PBXBuildFile; fileRef = A2000009000000000000001A /* SettingsViewModel.swift */; };
		A100000A000000000000001A /* LoginView.swift in Sources */ = {isa = PBXBuildFile; fileRef = A200000A000000000000001A /* LoginView.swift */; };
		A100000B000000000000001A /* HomeView.swift in Sources */ = {isa = PBXBuildFile; fileRef = A200000B000000000000001A /* HomeView.swift */; };
		A100000C000000000000001A /* MenuItemDetailView.swift in Sources */ = {isa = PBXBuildFile; fileRef = A200000C000000000000001A /* MenuItemDetailView.swift */; };
		A100000D000000000000001A /* CartView.swift in Sources */ = {isa = PBXBuildFile; fileRef = A200000D000000000000001A /* CartView.swift */; };
		A100000E000000000000001A /* OrderConfirmationView.swift in Sources */ = {isa = PBXBuildFile; fileRef = A200000E000000000000001A /* OrderConfirmationView.swift */; };
		A100000F000000000000001A /* SettingsView.swift in Sources */ = {isa = PBXBuildFile; fileRef = A200000F000000000000001A /* SettingsView.swift */; };
		A1000010000000000000001A /* Assets.xcassets in Resources */ = {isa = PBXBuildFile; fileRef = A2000010000000000000001A /* Assets.xcassets */; };
		A1000020000000000000001A /* OrderFlowUITests.swift in Sources */ = {isa = PBXBuildFile; fileRef = A2000020000000000000001A /* OrderFlowUITests.swift */; };
/* End PBXBuildFile section */

/* Begin PBXFileReference section */
		A2000001000000000000001A /* OrderFlowApp.swift */ = {isa = PBXFileReference; lastKnownFileType = sourcecode.swift; path = OrderFlowApp.swift; sourceTree = "<group>"; };
		A2000002000000000000001A /* ContentView.swift */ = {isa = PBXFileReference; lastKnownFileType = sourcecode.swift; path = ContentView.swift; sourceTree = "<group>"; };
		A2000003000000000000001A /* MenuItem.swift */ = {isa = PBXFileReference; lastKnownFileType = sourcecode.swift; path = MenuItem.swift; sourceTree = "<group>"; };
		A2000004000000000000001A /* CartItem.swift */ = {isa = PBXFileReference; lastKnownFileType = sourcecode.swift; path = CartItem.swift; sourceTree = "<group>"; };
		A2000005000000000000001A /* Order.swift */ = {isa = PBXFileReference; lastKnownFileType = sourcecode.swift; path = Order.swift; sourceTree = "<group>"; };
		A2000006000000000000001A /* AuthViewModel.swift */ = {isa = PBXFileReference; lastKnownFileType = sourcecode.swift; path = AuthViewModel.swift; sourceTree = "<group>"; };
		A2000007000000000000001A /* MenuViewModel.swift */ = {isa = PBXFileReference; lastKnownFileType = sourcecode.swift; path = MenuViewModel.swift; sourceTree = "<group>"; };
		A2000008000000000000001A /* CartViewModel.swift */ = {isa = PBXFileReference; lastKnownFileType = sourcecode.swift; path = CartViewModel.swift; sourceTree = "<group>"; };
		A2000009000000000000001A /* SettingsViewModel.swift */ = {isa = PBXFileReference; lastKnownFileType = sourcecode.swift; path = SettingsViewModel.swift; sourceTree = "<group>"; };
		A200000A000000000000001A /* LoginView.swift */ = {isa = PBXFileReference; lastKnownFileType = sourcecode.swift; path = LoginView.swift; sourceTree = "<group>"; };
		A200000B000000000000001A /* HomeView.swift */ = {isa = PBXFileReference; lastKnownFileType = sourcecode.swift; path = HomeView.swift; sourceTree = "<group>"; };
		A200000C000000000000001A /* MenuItemDetailView.swift */ = {isa = PBXFileReference; lastKnownFileType = sourcecode.swift; path = MenuItemDetailView.swift; sourceTree = "<group>"; };
		A200000D000000000000001A /* CartView.swift */ = {isa = PBXFileReference; lastKnownFileType = sourcecode.swift; path = CartView.swift; sourceTree = "<group>"; };
		A200000E000000000000001A /* OrderConfirmationView.swift */ = {isa = PBXFileReference; lastKnownFileType = sourcecode.swift; path = OrderConfirmationView.swift; sourceTree = "<group>"; };
		A200000F000000000000001A /* SettingsView.swift */ = {isa = PBXFileReference; lastKnownFileType = sourcecode.swift; path = SettingsView.swift; sourceTree = "<group>"; };
		A2000010000000000000001A /* Assets.xcassets */ = {isa = PBXFileReference; lastKnownFileType = folder.assetcatalog; path = Assets.xcassets; sourceTree = "<group>"; };
		A2000011000000000000001A /* OrderFlow.app */ = {isa = PBXFileReference; explicitFileType = wrapper.application; includeInIndex = 0; path = OrderFlow.app; sourceTree = BUILT_PRODUCTS_DIR; };
		A2000020000000000000001A /* OrderFlowUITests.swift */ = {isa = PBXFileReference; lastKnownFileType = sourcecode.swift; path = OrderFlowUITests.swift; sourceTree = "<group>"; };
		A2000021000000000000001A /* OrderFlowUITests.xctest */ = {isa = PBXFileReference; explicitFileType = wrapper.cfbundle; includeInIndex = 0; path = OrderFlowUITests.xctest; sourceTree = BUILT_PRODUCTS_DIR; };
/* End PBXFileReference section */

/* Begin PBXFrameworksBuildPhase section */
		A3000001000000000000001A /* Frameworks */ = {
			isa = PBXFrameworksBuildPhase;
			buildActionMask = 2147483647;
			files = (
			);
			runOnlyForDeploymentPostprocessing = 0;
		};
		A3000002000000000000001A /* Frameworks */ = {
			isa = PBXFrameworksBuildPhase;
			buildActionMask = 2147483647;
			files = (
			);
			runOnlyForDeploymentPostprocessing = 0;
		};
/* End PBXFrameworksBuildPhase section */

/* Begin PBXGroup section */
		A4000000000000000000001A /* Root */ = {
			isa = PBXGroup;
			children = (
				A4000001000000000000001A /* OrderFlow */,
				A4000005000000000000001A /* OrderFlowUITests */,
				A4000006000000000000001A /* Products */,
			);
			sourceTree = "<group>";
		};
		A4000001000000000000001A /* OrderFlow */ = {
			isa = PBXGroup;
			children = (
				A2000001000000000000001A /* OrderFlowApp.swift */,
				A2000002000000000000001A /* ContentView.swift */,
				A2000010000000000000001A /* Assets.xcassets */,
				A4000002000000000000001A /* Models */,
				A4000003000000000000001A /* ViewModels */,
				A4000004000000000000001A /* Views */,
			);
			path = OrderFlow;
			sourceTree = "<group>";
		};
		A4000002000000000000001A /* Models */ = {
			isa = PBXGroup;
			children = (
				A2000003000000000000001A /* MenuItem.swift */,
				A2000004000000000000001A /* CartItem.swift */,
				A2000005000000000000001A /* Order.swift */,
			);
			path = Models;
			sourceTree = "<group>";
		};
		A4000003000000000000001A /* ViewModels */ = {
			isa = PBXGroup;
			children = (
				A2000006000000000000001A /* AuthViewModel.swift */,
				A2000007000000000000001A /* MenuViewModel.swift */,
				A2000008000000000000001A /* CartViewModel.swift */,
				A2000009000000000000001A /* SettingsViewModel.swift */,
			);
			path = ViewModels;
			sourceTree = "<group>";
		};
		A4000004000000000000001A /* Views */ = {
			isa = PBXGroup;
			children = (
				A200000A000000000000001A /* LoginView.swift */,
				A200000B000000000000001A /* HomeView.swift */,
				A200000C000000000000001A /* MenuItemDetailView.swift */,
				A200000D000000000000001A /* CartView.swift */,
				A200000E000000000000001A /* OrderConfirmationView.swift */,
				A200000F000000000000001A /* SettingsView.swift */,
			);
			path = Views;
			sourceTree = "<group>";
		};
		A4000005000000000000001A /* OrderFlowUITests */ = {
			isa = PBXGroup;
			children = (
				A2000020000000000000001A /* OrderFlowUITests.swift */,
			);
			path = OrderFlowUITests;
			sourceTree = "<group>";
		};
		A4000006000000000000001A /* Products */ = {
			isa = PBXGroup;
			children = (
				A2000011000000000000001A /* OrderFlow.app */,
				A2000021000000000000001A /* OrderFlowUITests.xctest */,
			);
			name = Products;
			sourceTree = "<group>";
		};
/* End PBXGroup section */

/* Begin PBXNativeTarget section */
		A5000001000000000000001A /* OrderFlow */ = {
			isa = PBXNativeTarget;
			buildConfigurationList = A7000001000000000000001A /* Build configuration list for PBXNativeTarget "OrderFlow" */;
			buildPhases = (
				A6000001000000000000001A /* Sources */,
				A3000001000000000000001A /* Frameworks */,
				A6000002000000000000001A /* Resources */,
			);
			buildRules = (
			);
			dependencies = (
			);
			name = OrderFlow;
			productName = OrderFlow;
			productReference = A2000011000000000000001A /* OrderFlow.app */;
			productType = "com.apple.product-type.application";
		};
		A5000002000000000000001A /* OrderFlowUITests */ = {
			isa = PBXNativeTarget;
			buildConfigurationList = A7000002000000000000001A /* Build configuration list for PBXNativeTarget "OrderFlowUITests" */;
			buildPhases = (
				A6000003000000000000001A /* Sources */,
				A3000002000000000000001A /* Frameworks */,
				A6000004000000000000001A /* Resources */,
			);
			buildRules = (
			);
			dependencies = (
				A5000003000000000000001A /* PBXTargetDependency */,
			);
			name = OrderFlowUITests;
			productName = OrderFlowUITests;
			productReference = A2000021000000000000001A /* OrderFlowUITests.xctest */;
			productType = "com.apple.product-type.bundle.ui-testing";
		};
/* End PBXNativeTarget section */

/* Begin PBXProject section */
		A8000000000000000000001A /* Project object */ = {
			isa = PBXProject;
			attributes = {
				BuildIndependentTargetsInParallel = 1;
				LastSwiftUpdateCheck = 1500;
				LastUpgradeCheck = 1500;
				TargetAttributes = {
					A5000001000000000000001A = {
						CreatedOnToolsVersion = 15.0;
					};
					A5000002000000000000001A = {
						CreatedOnToolsVersion = 15.0;
						TestTargetID = A5000001000000000000001A;
					};
				};
			};
			buildConfigurationList = A7000000000000000000001A /* Build configuration list for PBXProject "OrderFlow" */;
			compatibilityVersion = "Xcode 14.0";
			developmentRegion = en;
			hasScannedForEncodings = 0;
			knownRegions = (
				en,
				Base,
			);
			mainGroup = A4000000000000000000001A;
			productRefGroup = A4000006000000000000001A /* Products */;
			projectDirPath = "";
			projectRoot = "";
			targets = (
				A5000001000000000000001A /* OrderFlow */,
				A5000002000000000000001A /* OrderFlowUITests */,
			);
		};
/* End PBXProject section */

/* Begin PBXResourcesBuildPhase section */
		A6000002000000000000001A /* Resources */ = {
			isa = PBXResourcesBuildPhase;
			buildActionMask = 2147483647;
			files = (
				A1000010000000000000001A /* Assets.xcassets in Resources */,
			);
			runOnlyForDeploymentPostprocessing = 0;
		};
		A6000004000000000000001A /* Resources */ = {
			isa = PBXResourcesBuildPhase;
			buildActionMask = 2147483647;
			files = (
			);
			runOnlyForDeploymentPostprocessing = 0;
		};
/* End PBXResourcesBuildPhase section */

/* Begin PBXSourcesBuildPhase section */
		A6000001000000000000001A /* Sources */ = {
			isa = PBXSourcesBuildPhase;
			buildActionMask = 2147483647;
			files = (
				A1000001000000000000001A /* OrderFlowApp.swift in Sources */,
				A1000002000000000000001A /* ContentView.swift in Sources */,
				A1000003000000000000001A /* MenuItem.swift in Sources */,
				A1000004000000000000001A /* CartItem.swift in Sources */,
				A1000005000000000000001A /* Order.swift in Sources */,
				A1000006000000000000001A /* AuthViewModel.swift in Sources */,
				A1000007000000000000001A /* MenuViewModel.swift in Sources */,
				A1000008000000000000001A /* CartViewModel.swift in Sources */,
				A1000009000000000000001A /* SettingsViewModel.swift in Sources */,
				A100000A000000000000001A /* LoginView.swift in Sources */,
				A100000B000000000000001A /* HomeView.swift in Sources */,
				A100000C000000000000001A /* MenuItemDetailView.swift in Sources */,
				A100000D000000000000001A /* CartView.swift in Sources */,
				A100000E000000000000001A /* OrderConfirmationView.swift in Sources */,
				A100000F000000000000001A /* SettingsView.swift in Sources */,
			);
			runOnlyForDeploymentPostprocessing = 0;
		};
		A6000003000000000000001A /* Sources */ = {
			isa = PBXSourcesBuildPhase;
			buildActionMask = 2147483647;
			files = (
				A1000020000000000000001A /* OrderFlowUITests.swift in Sources */,
			);
			runOnlyForDeploymentPostprocessing = 0;
		};
/* End PBXSourcesBuildPhase section */

/* Begin PBXTargetDependency section */
		A5000003000000000000001A /* PBXTargetDependency */ = {
			isa = PBXTargetDependency;
			target = A5000001000000000000001A /* OrderFlow */;
			targetProxy = A5000004000000000000001A /* PBXContainerItemProxy */;
		};
/* End PBXTargetDependency section */

/* Begin PBXContainerItemProxy section */
		A5000004000000000000001A /* PBXContainerItemProxy */ = {
			isa = PBXContainerItemProxy;
			containerPortal = A8000000000000000000001A /* Project object */;
			proxyType = 1;
			remoteGlobalIDString = A5000001000000000000001A;
			remoteInfo = OrderFlow;
		};
/* End PBXContainerItemProxy section */

/* Begin XCBuildConfiguration section */
		A7100001000000000000001A /* Debug */ = {
			isa = XCBuildConfiguration;
			buildSettings = {
				ALWAYS_SEARCH_USER_PATHS = NO;
				ASSETCATALOG_COMPILER_GENERATE_SWIFT_ASSET_SYMBOL_EXTENSIONS = YES;
				CLANG_ANALYZER_NONNULL = YES;
				CLANG_ANALYZER_NUMBER_OBJECT_CONVERSION = YES_AGGRESSIVE;
				CLANG_CXX_LANGUAGE_STANDARD = "gnu++20";
				CLANG_ENABLE_MODULES = YES;
				CLANG_ENABLE_OBJC_ARC = YES;
				CLANG_ENABLE_OBJC_WEAK = YES;
				CLANG_WARN_BLOCK_CAPTURE_AUTORELEASING = YES;
				CLANG_WARN_BOOL_CONVERSION = YES;
				CLANG_WARN_COMMA = YES;
				CLANG_WARN_CONSTANT_CONVERSION = YES;
				CLANG_WARN_DEPRECATED_OBJC_IMPLEMENTATIONS = YES;
				CLANG_WARN_DIRECT_OBJC_ISA_USAGE = YES_ERROR;
				CLANG_WARN_DOCUMENTATION_COMMENTS = YES;
				CLANG_WARN_EMPTY_BODY = YES;
				CLANG_WARN_ENUM_CONVERSION = YES;
				CLANG_WARN_INFINITE_RECURSION = YES;
				CLANG_WARN_INT_CONVERSION = YES;
				CLANG_WARN_NON_LITERAL_NULL_CONVERSION = YES;
				CLANG_WARN_OBJC_IMPLICIT_RETAIN_SELF = YES;
				CLANG_WARN_OBJC_LITERAL_CONVERSION = YES;
				CLANG_WARN_OBJC_ROOT_CLASS = YES_ERROR;
				CLANG_WARN_QUOTED_INCLUDE_IN_FRAMEWORK_HEADER = YES;
				CLANG_WARN_RANGE_LOOP_ANALYSIS = YES;
				CLANG_WARN_STRICT_PROTOTYPES = YES;
				CLANG_WARN_SUSPICIOUS_MOVE = YES;
				CLANG_WARN_UNGUARDED_AVAILABILITY = YES_AGGRESSIVE;
				CLANG_WARN_UNREACHABLE_CODE = YES;
				CLANG_WARN__DUPLICATE_METHOD_MATCH = YES;
				COPY_PHASE_STRIP = NO;
				DEBUG_INFORMATION_FORMAT = dwarf;
				ENABLE_STRICT_OBJC_MSGSEND = YES;
				ENABLE_TESTABILITY = YES;
				ENABLE_USER_SCRIPT_SANDBOXING = YES;
				GCC_C_LANGUAGE_STANDARD = gnu17;
				GCC_DYNAMIC_NO_PIC = NO;
				GCC_NO_COMMON_BLOCKS = YES;
				GCC_OPTIMIZATION_LEVEL = 0;
				GCC_PREPROCESSOR_DEFINITIONS = (
					"DEBUG=1",
					"$(inherited)",
				);
				GCC_WARN_64_TO_32_BIT_CONVERSION = YES;
				GCC_WARN_ABOUT_RETURN_TYPE = YES_ERROR;
				GCC_WARN_UNDECLARED_SELECTOR = YES;
				GCC_WARN_UNINITIALIZED_AUTOS = YES_AGGRESSIVE;
				GCC_WARN_UNUSED_FUNCTION = YES;
				GCC_WARN_UNUSED_VARIABLE = YES;
				IPHONEOS_DEPLOYMENT_TARGET = 16.0;
				LOCALIZATION_PREFERS_STRING_CATALOGS = YES;
				MTL_ENABLE_DEBUG_INFO = INCLUDE_SOURCE;
				MTL_FAST_MATH = YES;
				ONLY_ACTIVE_ARCH = YES;
				SDKROOT = iphoneos;
				SWIFT_ACTIVE_COMPILATION_CONDITIONS = "DEBUG $(inherited)";
				SWIFT_OPTIMIZATION_LEVEL = "-Onone";
			};
			name = Debug;
		};
		A7100002000000000000001A /* Release */ = {
			isa = XCBuildConfiguration;
			buildSettings = {
				ALWAYS_SEARCH_USER_PATHS = NO;
				ASSETCATALOG_COMPILER_GENERATE_SWIFT_ASSET_SYMBOL_EXTENSIONS = YES;
				CLANG_ANALYZER_NONNULL = YES;
				CLANG_ANALYZER_NUMBER_OBJECT_CONVERSION = YES_AGGRESSIVE;
				CLANG_CXX_LANGUAGE_STANDARD = "gnu++20";
				CLANG_ENABLE_MODULES = YES;
				CLANG_ENABLE_OBJC_ARC = YES;
				CLANG_ENABLE_OBJC_WEAK = YES;
				CLANG_WARN_BLOCK_CAPTURE_AUTORELEASING = YES;
				CLANG_WARN_BOOL_CONVERSION = YES;
				CLANG_WARN_COMMA = YES;
				CLANG_WARN_CONSTANT_CONVERSION = YES;
				CLANG_WARN_DEPRECATED_OBJC_IMPLEMENTATIONS = YES;
				CLANG_WARN_DIRECT_OBJC_ISA_USAGE = YES_ERROR;
				CLANG_WARN_DOCUMENTATION_COMMENTS = YES;
				CLANG_WARN_EMPTY_BODY = YES;
				CLANG_WARN_ENUM_CONVERSION = YES;
				CLANG_WARN_INFINITE_RECURSION = YES;
				CLANG_WARN_INT_CONVERSION = YES;
				CLANG_WARN_NON_LITERAL_NULL_CONVERSION = YES;
				CLANG_WARN_OBJC_IMPLICIT_RETAIN_SELF = YES;
				CLANG_WARN_OBJC_LITERAL_CONVERSION = YES;
				CLANG_WARN_OBJC_ROOT_CLASS = YES_ERROR;
				CLANG_WARN_QUOTED_INCLUDE_IN_FRAMEWORK_HEADER = YES;
				CLANG_WARN_RANGE_LOOP_ANALYSIS = YES;
				CLANG_WARN_STRICT_PROTOTYPES = YES;
				CLANG_WARN_SUSPICIOUS_MOVE = YES;
				CLANG_WARN_UNGUARDED_AVAILABILITY = YES_AGGRESSIVE;
				CLANG_WARN_UNREACHABLE_CODE = YES;
				CLANG_WARN__DUPLICATE_METHOD_MATCH = YES;
				COPY_PHASE_STRIP = NO;
				DEBUG_INFORMATION_FORMAT = "dwarf-with-dsym";
				ENABLE_NS_ASSERTIONS = NO;
				ENABLE_STRICT_OBJC_MSGSEND = YES;
				ENABLE_USER_SCRIPT_SANDBOXING = YES;
				GCC_C_LANGUAGE_STANDARD = gnu17;
				GCC_NO_COMMON_BLOCKS = YES;
				GCC_WARN_64_TO_32_BIT_CONVERSION = YES;
				GCC_WARN_ABOUT_RETURN_TYPE = YES_ERROR;
				GCC_WARN_UNDECLARED_SELECTOR = YES;
				GCC_WARN_UNINITIALIZED_AUTOS = YES_AGGRESSIVE;
				GCC_WARN_UNUSED_FUNCTION = YES;
				GCC_WARN_UNUSED_VARIABLE = YES;
				IPHONEOS_DEPLOYMENT_TARGET = 16.0;
				LOCALIZATION_PREFERS_STRING_CATALOGS = YES;
				MTL_FAST_MATH = YES;
				SDKROOT = iphoneos;
				SWIFT_COMPILATION_MODE = wholemodule;
				VALIDATE_PRODUCT = YES;
			};
			name = Release;
		};
		A7200001000000000000001A /* Debug */ = {
			isa = XCBuildConfiguration;
			buildSettings = {
				ASSETCATALOG_COMPILER_APPICON_NAME = AppIcon;
				ASSETCATALOG_COMPILER_GLOBAL_ACCENT_COLOR_NAME = AccentColor;
				CODE_SIGN_STYLE = Automatic;
				CURRENT_PROJECT_VERSION = 1;
				DEVELOPMENT_ASSET_PATHS = "";
				ENABLE_PREVIEWS = YES;
				GENERATE_INFOPLIST_FILE = YES;
				INFOPLIST_KEY_UIApplicationSceneManifest_Generation = YES;
				INFOPLIST_KEY_UIApplicationSupportsIndirectInputEvents = YES;
				INFOPLIST_KEY_UILaunchScreen_Generation = YES;
				INFOPLIST_KEY_UISupportedInterfaceOrientations_iPad = "UIInterfaceOrientationPortrait UIInterfaceOrientationPortraitUpsideDown UIInterfaceOrientationLandscapeLeft UIInterfaceOrientationLandscapeRight";
				INFOPLIST_KEY_UISupportedInterfaceOrientations_iPhone = "UIInterfaceOrientationPortrait UIInterfaceOrientationLandscapeLeft UIInterfaceOrientationLandscapeRight";
				IPHONEOS_DEPLOYMENT_TARGET = 16.0;
				LD_RUNPATH_SEARCH_PATHS = (
					"$(inherited)",
					"@executable_path/Frameworks",
				);
				MARKETING_VERSION = 1.0;
				PRODUCT_BUNDLE_IDENTIFIER = com.orderflow.app;
				PRODUCT_NAME = "$(TARGET_NAME)";
				SWIFT_EMIT_LOC_STRINGS = YES;
				SWIFT_VERSION = 5.0;
				TARGETED_DEVICE_FAMILY = "1,2";
			};
			name = Debug;
		};
		A7200002000000000000001A /* Release */ = {
			isa = XCBuildConfiguration;
			buildSettings = {
				ASSETCATALOG_COMPILER_APPICON_NAME = AppIcon;
				ASSETCATALOG_COMPILER_GLOBAL_ACCENT_COLOR_NAME = AccentColor;
				CODE_SIGN_STYLE = Automatic;
				CURRENT_PROJECT_VERSION = 1;
				DEVELOPMENT_ASSET_PATHS = "";
				ENABLE_PREVIEWS = YES;
				GENERATE_INFOPLIST_FILE = YES;
				INFOPLIST_KEY_UIApplicationSceneManifest_Generation = YES;
				INFOPLIST_KEY_UIApplicationSupportsIndirectInputEvents = YES;
				INFOPLIST_KEY_UILaunchScreen_Generation = YES;
				INFOPLIST_KEY_UISupportedInterfaceOrientations_iPad = "UIInterfaceOrientationPortrait UIInterfaceOrientationPortraitUpsideDown UIInterfaceOrientationLandscapeLeft UIInterfaceOrientationLandscapeRight";
				INFOPLIST_KEY_UISupportedInterfaceOrientations_iPhone = "UIInterfaceOrientationPortrait UIInterfaceOrientationLandscapeLeft UIInterfaceOrientationLandscapeRight";
				IPHONEOS_DEPLOYMENT_TARGET = 16.0;
				LD_RUNPATH_SEARCH_PATHS = (
					"$(inherited)",
					"@executable_path/Frameworks",
				);
				MARKETING_VERSION = 1.0;
				PRODUCT_BUNDLE_IDENTIFIER = com.orderflow.app;
				PRODUCT_NAME = "$(TARGET_NAME)";
				SWIFT_EMIT_LOC_STRINGS = YES;
				SWIFT_VERSION = 5.0;
				TARGETED_DEVICE_FAMILY = "1,2";
			};
			name = Release;
		};
		A7300001000000000000001A /* Debug */ = {
			isa = XCBuildConfiguration;
			buildSettings = {
				CODE_SIGN_STYLE = Automatic;
				CURRENT_PROJECT_VERSION = 1;
				GENERATE_INFOPLIST_FILE = YES;
				INFOPLIST_KEY_UIApplicationSupportsIndirectInputEvents = YES;
				IPHONEOS_DEPLOYMENT_TARGET = 16.0;
				LD_RUNPATH_SEARCH_PATHS = (
					"$(inherited)",
					"@executable_path/Frameworks",
					"@loader_path/Frameworks",
				);
				MARKETING_VERSION = 1.0;
				PRODUCT_BUNDLE_IDENTIFIER = com.orderflow.app.uitests;
				PRODUCT_NAME = "$(TARGET_NAME)";
				SWIFT_EMIT_LOC_STRINGS = NO;
				SWIFT_VERSION = 5.0;
				TARGETED_DEVICE_FAMILY = "1,2";
				TEST_TARGET_NAME = OrderFlow;
			};
			name = Debug;
		};
		A7300002000000000000001A /* Release */ = {
			isa = XCBuildConfiguration;
			buildSettings = {
				CODE_SIGN_STYLE = Automatic;
				CURRENT_PROJECT_VERSION = 1;
				GENERATE_INFOPLIST_FILE = YES;
				INFOPLIST_KEY_UIApplicationSupportsIndirectInputEvents = YES;
				IPHONEOS_DEPLOYMENT_TARGET = 16.0;
				LD_RUNPATH_SEARCH_PATHS = (
					"$(inherited)",
					"@executable_path/Frameworks",
					"@loader_path/Frameworks",
				);
				MARKETING_VERSION = 1.0;
				PRODUCT_BUNDLE_IDENTIFIER = com.orderflow.app.uitests;
				PRODUCT_NAME = "$(TARGET_NAME)";
				SWIFT_EMIT_LOC_STRINGS = NO;
				SWIFT_VERSION = 5.0;
				TARGETED_DEVICE_FAMILY = "1,2";
				TEST_TARGET_NAME = OrderFlow;
			};
			name = Release;
		};
/* End XCBuildConfiguration section */

/* Begin XCConfigurationList section */
		A7000000000000000000001A /* Build configuration list for PBXProject "OrderFlow" */ = {
			isa = XCConfigurationList;
			buildConfigurations = (
				A7100001000000000000001A /* Debug */,
				A7100002000000000000001A /* Release */,
			);
			defaultConfigurationIsVisible = 0;
			defaultConfigurationName = Release;
		};
		A7000001000000000000001A /* Build configuration list for PBXNativeTarget "OrderFlow" */ = {
			isa = XCConfigurationList;
			buildConfigurations = (
				A7200001000000000000001A /* Debug */,
				A7200002000000000000001A /* Release */,
			);
			defaultConfigurationIsVisible = 0;
			defaultConfigurationName = Release;
		};
		A7000002000000000000001A /* Build configuration list for PBXNativeTarget "OrderFlowUITests" */ = {
			isa = XCConfigurationList;
			buildConfigurations = (
				A7300001000000000000001A /* Debug */,
				A7300002000000000000001A /* Release */,
			);
			defaultConfigurationIsVisible = 0;
			defaultConfigurationName = Release;
		};
/* End XCConfigurationList section */

	};
	rootObject = A8000000000000000000001A /* Project object */;
}
